// !$*UTF8*$!
{
	archiveVersion = 1;
	classes = {
	};
	objectVersion = 56;
	objects = {

/* Begin PBXBuildFile section */
		7E85973F2ABB5DEE008EA2D2 /* AppDelegate.swift in Sources */ = {isa = PBXBuildFile; fileRef = 7E85973E2ABB5DEE008EA2D2 /* AppDelegate.swift */; };
		7E8597412ABB5DEE008EA2D2 /* SceneDelegate.swift in Sources */ = {isa = PBXBuildFile; fileRef = 7E8597402ABB5DEE008EA2D2 /* SceneDelegate.swift */; };
		7E8597432ABB5DEE008EA2D2 /* ViewController.swift in Sources */ = {isa = PBXBuildFile; fileRef = 7E8597422ABB5DEE008EA2D2 /* ViewController.swift */; };
		7E8597462ABB5DEE008EA2D2 /* Main.storyboard in Resources */ = {isa = PBXBuildFile; fileRef = 7E8597442ABB5DEE008EA2D2 /* Main.storyboard */; };
		7E8597482ABB5DF1008EA2D2 /* Assets.xcassets in Resources */ = {isa = PBXBuildFile; fileRef = 7E8597472ABB5DF1008EA2D2 /* Assets.xcassets */; };
		7E85974B2ABB5DF1008EA2D2 /* LaunchScreen.storyboard in Resources */ = {isa = PBXBuildFile; fileRef = 7E8597492ABB5DF1008EA2D2 /* LaunchScreen.storyboard */; };
		7E8597562ABB5DF1008EA2D2 /* Flashlight_AppTests.swift in Sources */ = {isa = PBXBuildFile; fileRef = 7E8597552ABB5DF1008EA2D2 /* Flashlight_AppTests.swift */; };
		7E8597602ABB5DF1008EA2D2 /* Flashlight_AppUITests.swift in Sources */ = {isa = PBXBuildFile; fileRef = 7E85975F2ABB5DF1008EA2D2 /* Flashlight_AppUITests.swift */; };
		7E8597622ABB5DF1008EA2D2 /* Flashlight_AppUITestsLaunchTests.swift in Sources */ = {isa = PBXBuildFile; fileRef = 7E8597612ABB5DF1008EA2D2 /* Flashlight_AppUITestsLaunchTests.swift */; };
/* End PBXBuildFile section */

/* Begin PBXContainerItemProxy section */
		7E8597522ABB5DF1008EA2D2 /* PBXContainerItemProxy */ = {
			isa = PBXContainerItemProxy;
			containerPortal = 7E8597332ABB5DEE008EA2D2 /* Project object */;
			proxyType = 1;
			remoteGlobalIDString = 7E85973A2ABB5DEE008EA2D2;
			remoteInfo = "Flashlight App";
		};
		7E85975C2ABB5DF1008EA2D2 /* PBXContainerItemProxy */ = {
			isa = PBXContainerItemProxy;
			containerPortal = 7E8597332ABB5DEE008EA2D2 /* Project object */;
			proxyType = 1;
			remoteGlobalIDString = 7E85973A2ABB5DEE008EA2D2;
			remoteInfo = "Flashlight App";
		};
/* End PBXContainerItemProxy section */

/* Begin PBXFileReference section */
		7E85973B2ABB5DEE008EA2D2 /* Flashlight App.app */ = {isa = PBXFileReference; explicitFileType = wrapper.application; includeInIndex = 0; path = "Flashlight App.app"; sourceTree = BUILT_PRODUCTS_DIR; };
		7E85973E2ABB5DEE008EA2D2 /* AppDelegate.swift */ = {isa = PBXFileReference; lastKnownFileType = sourcecode.swift; path = AppDelegate.swift; sourceTree = "<group>"; };
		7E8597402ABB5DEE008EA2D2 /* SceneDelegate.swift */ = {isa = PBXFileReference; lastKnownFileType = sourcecode.swift; path = SceneDelegate.swift; sourceTree = "<group>"; };
		7E8597422ABB5DEE008EA2D2 /* ViewController.swift */ = {isa = PBXFileReference; lastKnownFileType = sourcecode.swift; path = ViewController.swift; sourceTree = "<group>"; };
		7E8597452ABB5DEE008EA2D2 /* Base */ = {isa = PBXFileReference; lastKnownFileType = file.storyboard; name = Base; path = Base.lproj/Main.storyboard; sourceTree = "<group>"; };
		7E8597472ABB5DF1008EA2D2 /* Assets.xcassets */ = {isa = PBXFileReference; lastKnownFileType = folder.assetcatalog; path = Assets.xcassets; sourceTree = "<group>"; };
		7E85974A2ABB5DF1008EA2D2 /* Base */ = {isa = PBXFileReference; lastKnownFileType = file.storyboard; name = Base; path = Base.lproj/LaunchScreen.storyboard; sourceTree = "<group>"; };
		7E85974C2ABB5DF1008EA2D2 /* Info.plist */ = {isa = PBXFileReference; lastKnownFileType = text.plist.xml; path = Info.plist; sourceTree = "<group>"; };
		7E8597512ABB5DF1008EA2D2 /* Flashlight AppTests.xctest */ = {isa = PBXFileReference; explicitFileType = wrapper.cfbundle; includeInIndex = 0; path = "Flashlight AppTests.xctest"; sourceTree = BUILT_PRODUCTS_DIR; };
		7E8597552ABB5DF1008EA2D2 /* Flashlight_AppTests.swift */ = {isa = PBXFileReference; lastKnownFileType = sourcecode.swift; path = Flashlight_AppTests.swift; sourceTree = "<group>"; };
		7E85975B2ABB5DF1008EA2D2 /* Flashlight AppUITests.xctest */ = {isa = PBXFileReference; explicitFileType = wrapper.cfbundle; includeInIndex = 0; path = "Flashlight AppUITests.xctest"; sourceTree = BUILT_PRODUCTS_DIR; };
		7E85975F2ABB5DF1008EA2D2 /* Flashlight_AppUITests.swift */ = {isa = PBXFileReference; lastKnownFileType = sourcecode.swift; path = Flashlight_AppUITests.swift; sourceTree = "<group>"; };
		7E8597612ABB5DF1008EA2D2 /* Flashlight_AppUITestsLaunchTests.swift */ = {isa = PBXFileReference; lastKnownFileType = sourcecode.swift; path = Flashlight_AppUITestsLaunchTests.swift; sourceTree = "<group>"; };
/* End PBXFileReference section */

/* Begin PBXFrameworksBuildPhase section */
		7E8597382ABB5DEE008EA2D2 /* Frameworks */ = {
			isa = PBXFrameworksBuildPhase;
			buildActionMask = 2147483647;
			files = (
			);
			runOnlyForDeploymentPostprocessing = 0;
		};
		7E85974E2ABB5DF1008EA2D2 /* Frameworks */ = {
			isa = PBXFrameworksBuildPhase;
			buildActionMask = 2147483647;
			files = (
			);
			runOnlyForDeploymentPostprocessing = 0;
		};
		7E8597582ABB5DF1008EA2D2 /* Frameworks */ = {
			isa = PBXFrameworksBuildPhase;
			buildActionMask = 2147483647;
			files = (
			);
			runOnlyForDeploymentPostprocessing = 0;
		};
/* End PBXFrameworksBuildPhase section */

/* Begin PBXGroup section */
		7E8597322ABB5DEE008EA2D2 = {
			isa = PBXGroup;
			children = (
				7E85973D2ABB5DEE008EA2D2 /* Flashlight App */,
				7E8597542ABB5DF1008EA2D2 /* Flashlight AppTests */,
				7E85975E2ABB5DF1008EA2D2 /* Flashlight AppUITests */,
				7E85973C2ABB5DEE008EA2D2 /* Products */,
			);
			sourceTree = "<group>";
		};
		7E85973C2ABB5DEE008EA2D2 /* Products */ = {
			isa = PBXGroup;
			children = (
				7E85973B2ABB5DEE008EA2D2 /* Flashlight App.app */,
				7E8597512ABB5DF1008EA2D2 /* Flashlight AppTests.xctest */,
				7E85975B2ABB5DF1008EA2D2 /* Flashlight AppUITests.xctest */,
			);
			name = Products;
			sourceTree = "<group>";
		};
		7E85973D2ABB5DEE008EA2D2 /* Flashlight App */ = {
			isa = PBXGroup;
			children = (
				7E85973E2ABB5DEE008EA2D2 /* AppDelegate.swift */,
				7E8597402ABB5DEE008EA2D2 /* SceneDelegate.swift */,
				7E8597422ABB5DEE008EA2D2 /* ViewController.swift */,
				7E8597442ABB5DEE008EA2D2 /* Main.storyboard */,
				7E8597472ABB5DF1008EA2D2 /* Assets.xcassets */,
				7E8597492ABB5DF1008EA2D2 /* LaunchScreen.storyboard */,
				7E85974C2ABB5DF1008EA2D2 /* Info.plist */,
			);
			path = "Flashlight App";
			sourceTree = "<group>";
		};
		7E8597542ABB5DF1008EA2D2 /* Flashlight AppTests */ = {
			isa = PBXGroup;
			children = (
				7E8597552ABB5DF1008EA2D2 /* Flashlight_AppTests.swift */,
			);
			path = "Flashlight AppTests";
			sourceTree = "<group>";
		};
		7E85975E2ABB5DF1008EA2D2 /* Flashlight AppUITests */ = {
			isa = PBXGroup;
			children = (
				7E85975F2ABB5DF1008EA2D2 /* Flashlight_AppUITests.swift */,
				7E8597612ABB5DF1008EA2D2 /* Flashlight_AppUITestsLaunchTests.swift */,
			);
			path = "Flashlight AppUITests";
			sourceTree = "<group>";
		};
/* End PBXGroup section */

/* Begin PBXNativeTarget section */
		7E85973A2ABB5DEE008EA2D2 /* Flashlight App */ = {
			isa = PBXNativeTarget;
			buildConfigurationList = 7E8597652ABB5DF1008EA2D2 /* Build configuration list for PBXNativeTarget "Flashlight App" */;
			buildPhases = (
				7E8597372ABB5DEE008EA2D2 /* Sources */,
				7E8597382ABB5DEE008EA2D2 /* Frameworks */,
				7E8597392ABB5DEE008EA2D2 /* Resources */,
			);
			buildRules = (
			);
			dependencies = (
			);
			name = "Flashlight App";
			productName = "Flashlight App";
			productReference = 7E85973B2ABB5DEE008EA2D2 /* Flashlight App.app */;
			productType = "com.apple.product-type.application";
		};
		7E8597502ABB5DF1008EA2D2 /* Flashlight AppTests */ = {
			isa = PBXNativeTarget;
			buildConfigurationList = 7E8597682ABB5DF1008EA2D2 /* Build configuration list for PBXNativeTarget "Flashlight AppTests" */;
			buildPhases = (
				7E85974D2ABB5DF1008EA2D2 /* Sources */,
				7E85974E2ABB5DF1008EA2D2 /* Frameworks */,
				7E85974F2ABB5DF1008EA2D2 /* Resources */,
			);
			buildRules = (
			);
			dependencies = (
				7E8597532ABB5DF1008EA2D2 /* PBXTargetDependency */,
			);
			name = "Flashlight AppTests";
			productName = "Flashlight AppTests";
			productReference = 7E8597512ABB5DF1008EA2D2 /* Flashlight AppTests.xctest */;
			productType = "com.apple.product-type.bundle.unit-test";
		};
		7E85975A2ABB5DF1008EA2D2 /* Flashlight AppUITests */ = {
			isa = PBXNativeTarget;
			buildConfigurationList = 7E85976B2ABB5DF1008EA2D2 /* Build configuration list for PBXNativeTarget "Flashlight AppUITests" */;
			buildPhases = (
				7E8597572ABB5DF1008EA2D2 /* Sources */,
				7E8597582ABB5DF1008EA2D2 /* Frameworks */,
				7E8597592ABB5DF1008EA2D2 /* Resources */,
			);
			buildRules = (
			);
			dependencies = (
				7E85975D2ABB5DF1008EA2D2 /* PBXTargetDependency */,
			);
			name = "Flashlight AppUITests";
			productName = "Flashlight AppUITests";
			productReference = 7E85975B2ABB5DF1008EA2D2 /* Flashlight AppUITests.xctest */;
			productType = "com.apple.product-type.bundle.ui-testing";
		};
/* End PBXNativeTarget section */

/* Begin PBXProject section */
		7E8597332ABB5DEE008EA2D2 /* Project object */ = {
			isa = PBXProject;
			attributes = {
				BuildIndependentTargetsInParallel = 1;
				LastSwiftUpdateCheck = 1420;
				LastUpgradeCheck = 1420;
				TargetAttributes = {
					7E85973A2ABB5DEE008EA2D2 = {
						CreatedOnToolsVersion = 14.2;
					};
					7E8597502ABB5DF1008EA2D2 = {
						CreatedOnToolsVersion = 14.2;
						TestTargetID = 7E85973A2ABB5DEE008EA2D2;
					};
					7E85975A2ABB5DF1008EA2D2 = {
						CreatedOnToolsVersion = 14.2;
						TestTargetID = 7E85973A2ABB5DEE008EA2D2;
					};
				};
			};
			buildConfigurationList = 7E8597362ABB5DEE008EA2D2 /* Build configuration list for PBXProject "Light" */;
			compatibilityVersion = "Xcode 14.0";
			developmentRegion = en;
			hasScannedForEncodings = 0;
			knownRegions = (
				en,
				Base,
			);
			mainGroup = 7E8597322ABB5DEE008EA2D2;
			productRefGroup = 7E85973C2ABB5DEE008EA2D2 /* Products */;
			projectDirPath = "";
			projectRoot = "";
			targets = (
				7E85973A2ABB5DEE008EA2D2 /* Flashlight App */,
				7E8597502ABB5DF1008EA2D2 /* Flashlight AppTests */,
				7E85975A2ABB5DF1008EA2D2 /* Flashlight AppUITests */,
			);
		};
/* End PBXProject section */

/* Begin PBXResourcesBuildPhase section */
		7E8597392ABB5DEE008EA2D2 /* Resources */ = {
			isa = PBXResourcesBuildPhase;
			buildActionMask = 2147483647;
			files = (
				7E85974B2ABB5DF1008EA2D2 /* LaunchScreen.storyboard in Resources */,
				7E8597482ABB5DF1008EA2D2 /* Assets.xcassets in Resources */,
				7E8597462ABB5DEE008EA2D2 /* Main.storyboard in Resources */,
			);
			runOnlyForDeploymentPostprocessing = 0;
		};
		7E85974F2ABB5DF1008EA2D2 /* Resources */ = {
			isa = PBXResourcesBuildPhase;
			buildActionMask = 2147483647;
			files = (
			);
			runOnlyForDeploymentPostprocessing = 0;
		};
		7E8597592ABB5DF1008EA2D2 /* Resources */ = {
			isa = PBXResourcesBuildPhase;
			buildActionMask = 2147483647;
			files = (
			);
			runOnlyForDeploymentPostprocessing = 0;
		};
/* End PBXResourcesBuildPhase section */

/* Begin PBXSourcesBuildPhase section */
		7E8597372ABB5DEE008EA2D2 /* Sources */ = {
			isa = PBXSourcesBuildPhase;
			buildActionMask = 2147483647;
			files = (
				7E8597432ABB5DEE008EA2D2 /* ViewController.swift in Sources */,
				7E85973F2ABB5DEE008EA2D2 /* AppDelegate.swift in Sources */,
				7E8597412ABB5DEE008EA2D2 /* SceneDelegate.swift in Sources */,
			);
			runOnlyForDeploymentPostprocessing = 0;
		};
		7E85974D2ABB5DF1008EA2D2 /* Sources */ = {
			isa = PBXSourcesBuildPhase;
			buildActionMask = 2147483647;
			files = (
				7E8597562ABB5DF1008EA2D2 /* Flashlight_AppTests.swift in Sources */,
			);
			runOnlyForDeploymentPostprocessing = 0;
		};
		7E8597572ABB5DF1008EA2D2 /* Sources */ = {
			isa = PBXSourcesBuildPhase;
			buildActionMask = 2147483647;
			files = (
				7E8597622ABB5DF1008EA2D2 /* Flashlight_AppUITestsLaunchTests.swift in Sources */,
				7E8597602ABB5DF1008EA2D2 /* Flashlight_AppUITests.swift in Sources */,
			);
			runOnlyForDeploymentPostprocessing = 0;
		};
/* End PBXSourcesBuildPhase section */

/* Begin PBXTargetDependency section */
		7E8597532ABB5DF1008EA2D2 /* PBXTargetDependency */ = {
			isa = PBXTargetDependency;
			target = 7E85973A2ABB5DEE008EA2D2 /* Flashlight App */;
			targetProxy = 7E8597522ABB5DF1008EA2D2 /* PBXContainerItemProxy */;
		};
		7E85975D2ABB5DF1008EA2D2 /* PBXTargetDependency */ = {
			isa = PBXTargetDependency;
			target = 7E85973A2ABB5DEE008EA2D2 /* Flashlight App */;
			targetProxy = 7E85975C2ABB5DF1008EA2D2 /* PBXContainerItemProxy */;
		};
/* End PBXTargetDependency section */

/* Begin PBXVariantGroup section */
		7E8597442ABB5DEE008EA2D2 /* Main.storyboard */ = {
			isa = PBXVariantGroup;
			children = (
				7E8597452ABB5DEE008EA2D2 /* Base */,
			);
			name = Main.storyboard;
			sourceTree = "<group>";
		};
		7E8597492ABB5DF1008EA2D2 /* LaunchScreen.storyboard */ = {
			isa = PBXVariantGroup;
			children = (
				7E85974A2ABB5DF1008EA2D2 /* Base */,
			);
			name = LaunchScreen.storyboard;
			sourceTree = "<group>";
		};
/* End PBXVariantGroup section */

/* Begin XCBuildConfiguration section */
		7E8597632ABB5DF1008EA2D2 /* Debug */ = {
			isa = XCBuildConfiguration;
			buildSettings = {
				ALWAYS_SEARCH_USER_PATHS = NO;
				CLANG_ANALYZER_NONNULL = YES;
				CLANG_ANALYZER_NUMBER_OBJECT_CONVERSION = YES_AGGRESSIVE;
				CLANG_CXX_LANGUAGE_STANDARD = "gnu++20";
				CLANG_ENABLE_MODULES = YES;
				CLANG_ENABLE_OBJC_ARC = YES;
				CLANG_ENABLE_OBJC_WEAK = YES;
				CLANG_WARN_BLOCK_CAPTURE_AUTORELEASING = YES;
				CLANG_WARN_BOOL_CONVERSION = YES;
				CLANG_WARN_COMMA = YES;
				CLANG_WARN_CONSTANT_CONVERSION = YES;
				CLANG_WARN_DEPRECATED_OBJC_IMPLEMENTATIONS = YES;
				CLANG_WARN_DIRECT_OBJC_ISA_USAGE = YES_ERROR;
				CLANG_WARN_DOCUMENTATION_COMMENTS = YES;
				CLANG_WARN_EMPTY_BODY = YES;
				CLANG_WARN_ENUM_CONVERSION = YES;
				CLANG_WARN_INFINITE_RECURSION = YES;
				CLANG_WARN_INT_CONVERSION = YES;
				CLANG_WARN_NON_LITERAL_NULL_CONVERSION = YES;
				CLANG_WARN_OBJC_IMPLICIT_RETAIN_SELF = YES;
				CLANG_WARN_OBJC_LITERAL_CONVERSION = YES;
				CLANG_WARN_OBJC_ROOT_CLASS = YES_ERROR;
				CLANG_WARN_QUOTED_INCLUDE_IN_FRAMEWORK_HEADER = YES;
				CLANG_WARN_RANGE_LOOP_ANALYSIS = YES;
				CLANG_WARN_STRICT_PROTOTYPES = YES;
				CLANG_WARN_SUSPICIOUS_MOVE = YES;
				CLANG_WARN_UNGUARDED_AVAILABILITY = YES_AGGRESSIVE;
				CLANG_WARN_UNREACHABLE_CODE = YES;
				CLANG_WARN__DUPLICATE_METHOD_MATCH = YES;
				COPY_PHASE_STRIP = NO;
				DEBUG_INFORMATION_FORMAT = dwarf;
				ENABLE_STRICT_OBJC_MSGSEND = YES;
				ENABLE_TESTABILITY = YES;
				GCC_C_LANGUAGE_STANDARD = gnu11;
				GCC_DYNAMIC_NO_PIC = NO;
				GCC_NO_COMMON_BLOCKS = YES;
				GCC_OPTIMIZATION_LEVEL = 0;
				GCC_PREPROCESSOR_DEFINITIONS = (
					"DEBUG=1",
					"$(inherited)",
				);
				GCC_WARN_64_TO_32_BIT_CONVERSION = YES;
				GCC_WARN_ABOUT_RETURN_TYPE = YES_ERROR;
				GCC_WARN_UNDECLARED_SELECTOR = YES;
				GCC_WARN_UNINITIALIZED_AUTOS = YES_AGGRESSIVE;
				GCC_WARN_UNUSED_FUNCTION = YES;
				GCC_WARN_UNUSED_VARIABLE = YES;
				IPHONEOS_DEPLOYMENT_TARGET = 16.2;
				MTL_ENABLE_DEBUG_INFO = INCLUDE_SOURCE;
				MTL_FAST_MATH = YES;
				ONLY_ACTIVE_ARCH = YES;
				SDKROOT = iphoneos;
				SWIFT_ACTIVE_COMPILATION_CONDITIONS = DEBUG;
				SWIFT_OPTIMIZATION_LEVEL = "-Onone";
			};
			name = Debug;
		};
		7E8597642ABB5DF1008EA2D2 /* Release */ = {
			isa = XCBuildConfiguration;
			buildSettings = {
				ALWAYS_SEARCH_USER_PATHS = NO;
				CLANG_ANALYZER_NONNULL = YES;
				CLANG_ANALYZER_NUMBER_OBJECT_CONVERSION = YES_AGGRESSIVE;
				CLANG_CXX_LANGUAGE_STANDARD = "gnu++20";
				CLANG_ENABLE_MODULES = YES;
				CLANG_ENABLE_OBJC_ARC = YES;
				CLANG_ENABLE_OBJC_WEAK = YES;
				CLANG_WARN_BLOCK_CAPTURE_AUTORELEASING = YES;
				CLANG_WARN_BOOL_CONVERSION = YES;
				CLANG_WARN_COMMA = YES;
				CLANG_WARN_CONSTANT_CONVERSION = YES;
				CLANG_WARN_DEPRECATED_OBJC_IMPLEMENTATIONS = YES;
				CLANG_WARN_DIRECT_OBJC_ISA_USAGE = YES_ERROR;
				CLANG_WARN_DOCUMENTATION_COMMENTS = YES;
				CLANG_WARN_EMPTY_BODY = YES;
				CLANG_WARN_ENUM_CONVERSION = YES;
				CLANG_WARN_INFINITE_RECURSION = YES;
				CLANG_WARN_INT_CONVERSION = YES;
				CLANG_WARN_NON_LITERAL_NULL_CONVERSION = YES;
				CLANG_WARN_OBJC_IMPLICIT_RETAIN_SELF = YES;
				CLANG_WARN_OBJC_LITERAL_CONVERSION = YES;
				CLANG_WARN_OBJC_ROOT_CLASS = YES_ERROR;
				CLANG_WARN_QUOTED_INCLUDE_IN_FRAMEWORK_HEADER = YES;
				CLANG_WARN_RANGE_LOOP_ANALYSIS = YES;
				CLANG_WARN_STRICT_PROTOTYPES = YES;
				CLANG_WARN_SUSPICIOUS_MOVE = YES;
				CLANG_WARN_UNGUARDED_AVAILABILITY = YES_AGGRESSIVE;
				CLANG_WARN_UNREACHABLE_CODE = YES;
				CLANG_WARN__DUPLICATE_METHOD_MATCH = YES;
				COPY_PHASE_STRIP = NO;
				DEBUG_INFORMATION_FORMAT = "dwarf-with-dsym";
				ENABLE_NS_ASSERTIONS = NO;
				ENABLE_STRICT_OBJC_MSGSEND = YES;
				GCC_C_LANGUAGE_STANDARD = gnu11;
				GCC_NO_COMMON_BLOCKS = YES;
				GCC_WARN_64_TO_32_BIT_CONVERSION = YES;
				GCC_WARN_ABOUT_RETURN_TYPE = YES_ERROR;
				GCC_WARN_UNDECLARED_SELECTOR = YES;
				GCC_WARN_UNINITIALIZED_AUTOS = YES_AGGRESSIVE;
				GCC_WARN_UNUSED_FUNCTION = YES;
				GCC_WARN_UNUSED_VARIABLE = YES;
				IPHONEOS_DEPLOYMENT_TARGET = 16.2;
				MTL_ENABLE_DEBUG_INFO = NO;
				MTL_FAST_MATH = YES;
				SDKROOT = iphoneos;
				SWIFT_COMPILATION_MODE = wholemodule;
				SWIFT_OPTIMIZATION_LEVEL = "-O";
				VALIDATE_PRODUCT = YES;
			};
			name = Release;
		};
		7E8597662ABB5DF1008EA2D2 /* Debug */ = {
			isa = XCBuildConfiguration;
			buildSettings = {
				ASSETCATALOG_COMPILER_APPICON_NAME = AppIcon;
				ASSETCATALOG_COMPILER_GLOBAL_ACCENT_COLOR_NAME = AccentColor;
				CODE_SIGN_STYLE = Automatic;
				CURRENT_PROJECT_VERSION = 1;
				GENERATE_INFOPLIST_FILE = YES;
				INFOPLIST_FILE = "Flashlight App/Info.plist";
				INFOPLIST_KEY_UIApplicationSupportsIndirectInputEvents = YES;
				INFOPLIST_KEY_UILaunchStoryboardName = LaunchScreen;
				INFOPLIST_KEY_UIMainStoryboardFile = Main;
				INFOPLIST_KEY_UISupportedInterfaceOrientations_iPad = "UIInterfaceOrientationPortrait UIInterfaceOrientationPortraitUpsideDown UIInterfaceOrientationLandscapeLeft UIInterfaceOrientationLandscapeRight";
				INFOPLIST_KEY_UISupportedInterfaceOrientations_iPhone = "UIInterfaceOrientationPortrait UIInterfaceOrientationLandscapeLeft UIInterfaceOrientationLandscapeRight";
				LD_RUNPATH_SEARCH_PATHS = (
					"$(inherited)",
					"@executable_path/Frameworks",
				);
				MARKETING_VERSION = 1.0;
				PRODUCT_BUNDLE_IDENTIFIER = "com.Jose.Flashlight-App";
				PRODUCT_NAME = "$(TARGET_NAME)";
				SWIFT_EMIT_LOC_STRINGS = YES;
				SWIFT_VERSION = 5.0;
				TARGETED_DEVICE_FAMILY = "1,2";
			};
			name = Debug;
		};
		7E8597672ABB5DF1008EA2D2 /* Release */ = {
			isa = XCBuildConfiguration;
			buildSettings = {
				ASSETCATALOG_COMPILER_APPICON_NAME = AppIcon;
				ASSETCATALOG_COMPILER_GLOBAL_ACCENT_COLOR_NAME = AccentColor;
				CODE_SIGN_STYLE = Automatic;
				CURRENT_PROJECT_VERSION = 1;
				GENERATE_INFOPLIST_FILE = YES;
				INFOPLIST_FILE = "Flashlight App/Info.plist";
				INFOPLIST_KEY_UIApplicationSupportsIndirectInputEvents = YES;
				INFOPLIST_KEY_UILaunchStoryboardName = LaunchScreen;
				INFOPLIST_KEY_UIMainStoryboardFile = Main;
				INFOPLIST_KEY_UISupportedInterfaceOrientations_iPad = "UIInterfaceOrientationPortrait UIInterfaceOrientationPortraitUpsideDown UIInterfaceOrientationLandscapeLeft UIInterfaceOrientationLandscapeRight";
				INFOPLIST_KEY_UISupportedInterfaceOrientations_iPhone = "UIInterfaceOrientationPortrait UIInterfaceOrientationLandscapeLeft UIInterfaceOrientationLandscapeRight";
				LD_RUNPATH_SEARCH_PATHS = (
					"$(inherited)",
					"@executable_path/Frameworks",
				);
				MARKETING_VERSION = 1.0;
				PRODUCT_BUNDLE_IDENTIFIER = "com.Jose.Flashlight-App";
				PRODUCT_NAME = "$(TARGET_NAME)";
				SWIFT_EMIT_LOC_STRINGS = YES;
				SWIFT_VERSION = 5.0;
				TARGETED_DEVICE_FAMILY = "1,2";
			};
			name = Release;
		};
		7E8597692ABB5DF1008EA2D2 /* Debug */ = {
			isa = XCBuildConfiguration;
			buildSettings = {
				ALWAYS_EMBED_SWIFT_STANDARD_LIBRARIES = YES;
				BUNDLE_LOADER = "$(TEST_HOST)";
				CODE_SIGN_STYLE = Automatic;
				CURRENT_PROJECT_VERSION = 1;
				GENERATE_INFOPLIST_FILE = YES;
				IPHONEOS_DEPLOYMENT_TARGET = 16.2;
				MARKETING_VERSION = 1.0;
				PRODUCT_BUNDLE_IDENTIFIER = "com.Jose.Flashlight-AppTests";
				PRODUCT_NAME = "$(TARGET_NAME)";
				SWIFT_EMIT_LOC_STRINGS = NO;
				SWIFT_VERSION = 5.0;
				TARGETED_DEVICE_FAMILY = "1,2";
				TEST_HOST = "$(BUILT_PRODUCTS_DIR)/Flashlight App.app/$(BUNDLE_EXECUTABLE_FOLDER_PATH)/Flashlight App";
			};
			name = Debug;
		};
		7E85976A2ABB5DF1008EA2D2 /* Release */ = {
			isa = XCBuildConfiguration;
			buildSettings = {
				ALWAYS_EMBED_SWIFT_STANDARD_LIBRARIES = YES;
				BUNDLE_LOADER = "$(TEST_HOST)";
				CODE_SIGN_STYLE = Automatic;
				CURRENT_PROJECT_VERSION = 1;
				GENERATE_INFOPLIST_FILE = YES;
				IPHONEOS_DEPLOYMENT_TARGET = 16.2;
				MARKETING_VERSION = 1.0;
				PRODUCT_BUNDLE_IDENTIFIER = "com.Jose.Flashlight-AppTests";
				PRODUCT_NAME = "$(TARGET_NAME)";
				SWIFT_EMIT_LOC_STRINGS = NO;
				SWIFT_VERSION = 5.0;
				TARGETED_DEVICE_FAMILY = "1,2";
				TEST_HOST = "$(BUILT_PRODUCTS_DIR)/Flashlight App.app/$(BUNDLE_EXECUTABLE_FOLDER_PATH)/Flashlight App";
			};
			name = Release;
		};
		7E85976C2ABB5DF1008EA2D2 /* Debug */ = {
			isa = XCBuildConfiguration;
			buildSettings = {
				ALWAYS_EMBED_SWIFT_STANDARD_LIBRARIES = YES;
				CODE_SIGN_STYLE = Automatic;
				CURRENT_PROJECT_VERSION = 1;
				GENERATE_INFOPLIST_FILE = YES;
				MARKETING_VERSION = 1.0;
				PRODUCT_BUNDLE_IDENTIFIER = "com.Jose.Flashlight-AppUITests";
				PRODUCT_NAME = "$(TARGET_NAME)";
				SWIFT_EMIT_LOC_STRINGS = NO;
				SWIFT_VERSION = 5.0;
				TARGETED_DEVICE_FAMILY = "1,2";
				TEST_TARGET_NAME = "Flashlight App";
			};
			name = Debug;
		};
		7E85976D2ABB5DF1008EA2D2 /* Release */ = {
			isa = XCBuildConfiguration;
			buildSettings = {
				ALWAYS_EMBED_SWIFT_STANDARD_LIBRARIES = YES;
				CODE_SIGN_STYLE = Automatic;
				CURRENT_PROJECT_VERSION = 1;
				GENERATE_INFOPLIST_FILE = YES;
				MARKETING_VERSION = 1.0;
				PRODUCT_BUNDLE_IDENTIFIER = "com.Jose.Flashlight-AppUITests";
				PRODUCT_NAME = "$(TARGET_NAME)";
				SWIFT_EMIT_LOC_STRINGS = NO;
				SWIFT_VERSION = 5.0;
				TARGETED_DEVICE_FAMILY = "1,2";
				TEST_TARGET_NAME = "Flashlight App";
			};
			name = Release;
		};
/* End XCBuildConfiguration section */

/* Begin XCConfigurationList section */
		7E8597362ABB5DEE008EA2D2 /* Build configuration list for PBXProject "Light" */ = {
			isa = XCConfigurationList;
			buildConfigurations = (
				7E8597632ABB5DF1008EA2D2 /* Debug */,
				7E8597642ABB5DF1008EA2D2 /* Release */,
			);
			defaultConfigurationIsVisible = 0;
			defaultConfigurationName = Release;
		};
		7E8597652ABB5DF1008EA2D2 /* Build configuration list for PBXNativeTarget "Flashlight App" */ = {
			isa = XCConfigurationList;
			buildConfigurations = (
				7E8597662ABB5DF1008EA2D2 /* Debug */,
				7E8597672ABB5DF1008EA2D2 /* Release */,
			);
			defaultConfigurationIsVisible = 0;
			defaultConfigurationName = Release;
		};
		7E8597682ABB5DF1008EA2D2 /* Build configuration list for PBXNativeTarget "Flashlight AppTests" */ = {
			isa = XCConfigurationList;
			buildConfigurations = (
				7E8597692ABB5DF1008EA2D2 /* Debug */,
				7E85976A2ABB5DF1008EA2D2 /* Release */,
			);
			defaultConfigurationIsVisible = 0;
			defaultConfigurationName = Release;
		};
		7E85976B2ABB5DF1008EA2D2 /* Build configuration list for PBXNativeTarget "Flashlight AppUITests" */ = {
			isa = XCConfigurationList;
			buildConfigurations = (
				7E85976C2ABB5DF1008EA2D2 /* Debug */,
				7E85976D2ABB5DF1008EA2D2 /* Release */,
			);
			defaultConfigurationIsVisible = 0;
			defaultConfigurationName = Release;
		};
/* End XCConfigurationList section */
	};
	rootObject = 7E8597332ABB5DEE008EA2D2 /* Project object */;
}
